
Microsoft Visual Studio Solution File, Format Version 12.00
# Visual Studio Version 17
VisualStudioVersion = 17.3.32901.215
MinimumVisualStudioVersion = 10.0.40219.1
Project("{FAE04EC0-301F-11D3-BF4B-00C04F79EFBC}") = "MateusA1_1175_004", "MateusA1_1175_004\MateusA1_1175_004.csproj", "{C8695A8F-E1A9-4942-990D-A57AA45C2534}"
EndProject
Global
	GlobalSection(SolutionConfigurationPlatforms) = preSolution
		Debug|Any CPU = Debug|Any CPU
		Release|Any CPU = Release|Any CPU
	EndGlobalSection
	GlobalSection(ProjectConfigurationPlatforms) = postSolution
		{C8695A8F-E1A9-4942-990D-A57AA45C2534}.Debug|Any CPU.ActiveCfg = Debug|Any CPU
		{C8695A8F-E1A9-4942-990D-A57AA45C2534}.Debug|Any CPU.Build.0 = Debug|Any CPU
		{C8695A8F-E1A9-4942-990D-A57AA45C2534}.Release|Any CPU.ActiveCfg = Release|Any CPU
		{C8695A8F-E1A9-4942-990D-A57AA45C2534}.Release|Any CPU.Build.0 = Release|Any CPU
	EndGlobalSection
	GlobalSection(SolutionProperties) = preSolution
		HideSolutionNode = FALSE
	EndGlobalSection
	GlobalSection(ExtensibilityGlobals) = postSolution
		SolutionGuid = {5AAF0C07-45BA-47EC-9341-B306BCC74E58}
	EndGlobalSection
EndGlobal
